PODS:
  - AWSAuthCore (2.18.1):
    - AWSCore (= 2.18.1)
  - AWSAuthUI (2.18.1):
    - AWSAuthCore (= 2.18.1)
    - AWSCore (= 2.18.1)
  - AWSCognitoIdentityProvider (2.18.1):
    - AWSCognitoIdentityProviderASF (= 2.18.1)
    - AWSCore (= 2.18.1)
  - AWSCognitoIdentityProviderASF (2.18.1)
  - AWSCore (2.18.1)
  - AWSMobileClient (2.18.1):
    - AWSAuthCore (= 2.18.1)
    - AWSCognitoIdentityProvider (= 2.18.1)
    - AWSCognitoIdentityProviderASF (= 2.18.1)
    - AWSCore (= 2.18.1)
  - AWSUserPoolsSignIn (2.18.1):
    - AWSAuthCore (= 2.18.1)
    - AWSCognitoIdentityProvider (= 2.18.1)
    - AWSCore (= 2.18.1)

DEPENDENCIES:
  - AWSAuthUI
  - AWSCognitoIdentityProvider
  - AWSCore
  - AWSMobileClient
  - AWSUserPoolsSignIn

SPEC REPOS:
  trunk:
    - AWSAuthCore
    - AWSAuthUI
    - AWSCognitoIdentityProvider
    - AWSCognitoIdentityProviderASF
    - AWSCore
    - AWSMobileClient
    - AWSUserPoolsSignIn

SPEC CHECKSUMS:
  AWSAuthCore: 89562ca19419744144f7afcfe81acba64b33a9bd
  AWSAuthUI: 9750669b0fef7a047654f54476e58e7316461de5
  AWSCognitoIdentityProvider: bb5c856ac56d976efb72660a2c09aeb131b44c88
  AWSCognitoIdentityProviderASF: 67fe08635f9c0769a0cb1e6c548662075e40251e
  AWSCore: 0979d22aebe17ffc24eea19d8bc40402b651b018
  AWSMobileClient: e436716389ccbfaa8ee41f52d2128f942527a64e
  AWSUserPoolsSignIn: daf3c29379bf066c11888c1e6aec4fbe6f7d5855

PODFILE CHECKSUM: a9d36b1404d2c2255b62ebe2f11a73a67023f003

COCOAPODS: 1.10.1
