PODS:
  - Amplify (1.6.1):
    - Amplify/Default (= 1.6.1)
  - Amplify/Default (1.6.1)
  - AppSyncRealTimeClient (1.4.3):
    - Starscream (~> 3.1.0)
  - AWSAppSync (3.1.17):
    - AppSyncRealTimeClient (~> 1.4)
    - AWSCore (~> 2.23.0)
    - ReachabilitySwift (= 5.0.0)
    - SQLite.swift (~> 0.12.2)
  - AWSAuthCore (2.23.1):
    - AWSCore (= 2.23.1)
  - AWSAuthUI (2.23.1):
    - AWSAuthCore (= 2.23.1)
    - AWSCore (= 2.23.1)
  - AWSCognitoIdentityProvider (2.23.1):
    - AWSCognitoIdentityProviderASF (= 2.23.1)
    - AWSCore (= 2.23.1)
  - AWSCognitoIdentityProviderASF (2.23.1)
  - AWSCore (2.23.1)
  - AWSDynamoDB (2.23.1):
    - AWSCore (= 2.23.1)
  - AWSMobileClient (2.23.1):
    - AWSAuthCore (= 2.23.1)
    - AWSCognitoIdentityProvider (= 2.23.1)
    - AWSCognitoIdentityProviderASF (= 2.23.1)
    - AWSCore (= 2.23.1)
  - AWSS3 (2.23.1):
    - AWSCore (= 2.23.1)
  - AWSUserPoolsSignIn (2.23.1):
    - AWSAuthCore (= 2.23.1)
    - AWSCognitoIdentityProvider (= 2.23.1)
    - AWSCore (= 2.23.1)
  - ReachabilitySwift (5.0.0)
  - SQLite.swift (0.12.2):
    - SQLite.swift/standard (= 0.12.2)
  - SQLite.swift/standard (0.12.2)
  - Starscream (3.1.1)

DEPENDENCIES:
  - Amplify
  - AWSAppSync
  - AWSAuthUI
  - AWSDynamoDB
  - AWSMobileClient
  - AWSS3
  - AWSUserPoolsSignIn

SPEC REPOS:
  trunk:
    - Amplify
    - AppSyncRealTimeClient
    - AWSAppSync
    - AWSAuthCore
    - AWSAuthUI
    - AWSCognitoIdentityProvider
    - AWSCognitoIdentityProviderASF
    - AWSCore
    - AWSDynamoDB
    - AWSMobileClient
    - AWSS3
    - AWSUserPoolsSignIn
    - ReachabilitySwift
    - SQLite.swift
    - Starscream

SPEC CHECKSUMS:
  Amplify: 4d0c3b0871e1f268c81ce5e9b65532df0a013900
  AppSyncRealTimeClient: 04df4dffe57cfbd06da336d0bfcd5641ba9adcb5
  AWSAppSync: 558d2d6935686411d7e1d813a0694621228be77f
  AWSAuthCore: d9f9c418df00f45f399e407dc6c2bce33870b0af
  AWSAuthUI: 43a90ece9e6f26b954117b2af1b6cb168eac6506
  AWSCognitoIdentityProvider: 8bf316cc96554d4c88ca4b1dcae0589923fb95f5
  AWSCognitoIdentityProviderASF: f9b0d373dfce6d5395f0b69f2301f5db927d9fc8
  AWSCore: 48bf561f5fb3616ef42c1f7f3eeb4b502d11f69d
  AWSDynamoDB: 78b51b173d586f08f16189bbdeb7cdbb0a367898
  AWSMobileClient: ffe1179b9e6d5db7cea3f807df7d47f5d00a5c65
  AWSS3: 66bf4071639d0bebaec10e7b6587712df5f05a26
  AWSUserPoolsSignIn: 5397fa0da35e78d9ca8404dbaa0b8be080797418
  ReachabilitySwift: 985039c6f7b23a1da463388634119492ff86c825
  SQLite.swift: d2b4642190917051ce6bd1d49aab565fe794eea3
  Starscream: 4bb2f9942274833f7b4d296a55504dcfc7edb7b0

PODFILE CHECKSUM: 5364bb858580f48b8624f30fd0866714f47a3f5c

COCOAPODS: 1.10.1
